
Microsoft Visual Studio Solution File, Format Version 12.00
# Visual Studio Version 17
VisualStudioVersion = 17.1.32421.90
MinimumVisualStudioVersion = 10.0.40219.1
Project("{FAE04EC0-301F-11D3-BF4B-00C04F79EFBC}") = "Pilar_LinQ", "Pilar_LinQ\Pilar_LinQ.csproj", "{07F1227D-0355-4088-9311-C972F9BFEE01}"
EndProject
Global
	GlobalSection(SolutionConfigurationPlatforms) = preSolution
		Debug|Any CPU = Debug|Any CPU
		Release|Any CPU = Release|Any CPU
	EndGlobalSection
	GlobalSection(ProjectConfigurationPlatforms) = postSolution
		{07F1227D-0355-4088-9311-C972F9BFEE01}.Debug|Any CPU.ActiveCfg = Debug|Any CPU
		{07F1227D-0355-4088-9311-C972F9BFEE01}.Debug|Any CPU.Build.0 = Debug|Any CPU
		{07F1227D-0355-4088-9311-C972F9BFEE01}.Release|Any CPU.ActiveCfg = Release|Any CPU
		{07F1227D-0355-4088-9311-C972F9BFEE01}.Release|Any CPU.Build.0 = Release|Any CPU
	EndGlobalSection
	GlobalSection(SolutionProperties) = preSolution
		HideSolutionNode = FALSE
	EndGlobalSection
	GlobalSection(ExtensibilityGlobals) = postSolution
		SolutionGuid = {DF736576-E790-401B-90F3-DFF5296FB398}
	EndGlobalSection
EndGlobal
