
Microsoft Visual Studio Solution File, Format Version 12.00
# Visual Studio Version 17
VisualStudioVersion = 17.1.32319.34
MinimumVisualStudioVersion = 10.0.40219.1
Project("{9A19103F-16F7-4668-BE54-9A1E7A4F7556}") = "BooksReservationAPI", "BookReservationApi\BooksReservationAPI.csproj", "{8329033A-7FB1-442D-A925-952F78BC3389}"
EndProject
Global
	GlobalSection(SolutionConfigurationPlatforms) = preSolution
		Debug|Any CPU = Debug|Any CPU
		Release|Any CPU = Release|Any CPU
	EndGlobalSection
	GlobalSection(ProjectConfigurationPlatforms) = postSolution
		{8329033A-7FB1-442D-A925-952F78BC3389}.Debug|Any CPU.ActiveCfg = Debug|Any CPU
		{8329033A-7FB1-442D-A925-952F78BC3389}.Debug|Any CPU.Build.0 = Debug|Any CPU
		{8329033A-7FB1-442D-A925-952F78BC3389}.Release|Any CPU.ActiveCfg = Release|Any CPU
		{8329033A-7FB1-442D-A925-952F78BC3389}.Release|Any CPU.Build.0 = Release|Any CPU
	EndGlobalSection
	GlobalSection(SolutionProperties) = preSolution
		HideSolutionNode = FALSE
	EndGlobalSection
	GlobalSection(ExtensibilityGlobals) = postSolution
		SolutionGuid = {79F5DD51-8D3F-4EF3-909D-3AADD20466F8}
	EndGlobalSection
EndGlobal
